
Microsoft Visual Studio Solution File, Format Version 12.00
# Visual Studio 14
VisualStudioVersion = 14.0.24720.0
MinimumVisualStudioVersion = 10.0.40219.1
Project("{2150E333-8FDC-42A3-9474-1A3956D46DE8}") = "src", "src", "{906356B3-5484-48F2-A4A8-9C6E4D4B5535}"
EndProject
Project("{2150E333-8FDC-42A3-9474-1A3956D46DE8}") = "Solution Items", "Solution Items", "{F83C4736-11AF-46DB-A15B-83D7706FC61A}"
	ProjectSection(SolutionItems) = preProject
		global.json = global.json
	EndProjectSection
EndProject
Project("{8BB2217D-0F2D-49D1-97BC-3654ED321F3B}") = "MyKbb.Master", "src\MyKbb.Master\MyKbb.Master.xproj", "{95A6F008-9F86-4578-8C89-3E7CD189EDCD}"
EndProject
Global
	GlobalSection(SolutionConfigurationPlatforms) = preSolution
		Debug|Any CPU = Debug|Any CPU
		Release|Any CPU = Release|Any CPU
	EndGlobalSection
	GlobalSection(ProjectConfigurationPlatforms) = postSolution
		{95A6F008-9F86-4578-8C89-3E7CD189EDCD}.Debug|Any CPU.ActiveCfg = Debug|Any CPU
		{95A6F008-9F86-4578-8C89-3E7CD189EDCD}.Debug|Any CPU.Build.0 = Debug|Any CPU
		{95A6F008-9F86-4578-8C89-3E7CD189EDCD}.Release|Any CPU.ActiveCfg = Release|Any CPU
		{95A6F008-9F86-4578-8C89-3E7CD189EDCD}.Release|Any CPU.Build.0 = Release|Any CPU
	EndGlobalSection
	GlobalSection(SolutionProperties) = preSolution
		HideSolutionNode = FALSE
	EndGlobalSection
	GlobalSection(NestedProjects) = preSolution
		{95A6F008-9F86-4578-8C89-3E7CD189EDCD} = {906356B3-5484-48F2-A4A8-9C6E4D4B5535}
	EndGlobalSection
EndGlobal
